67c44fe9183b002e79dde7f6977e2988661c9a3e4a3c5fce968787efdbed823c  CupertinoIcons.ttf
310d6ab6483280280c9db122bded0a63c09558bc5743720f61dbcbb494db370a  LICENSE-cupertino-icons
58d1e17ffe5109a7ae296caafcadfdbe6a7d176f0bc4ab01e12a689b0499d8bd  LICENSE-material-design-icons
0128da5981791d2fe09918c337ea6657b0ef2e4e5f8f4af3e1dc5f31889b2311  MaterialSymbolsOutlined.ttf
62c74fea484b1cceec625ff1007c4147ea4a388fc3cffc948123070548fc9005  cupertino.codepoints
225bd09137103cb7746bc93dc08d08764c9f0c3bd04f4b958d4a3c3c19432dd6  material.codepoints
d457b42d5d3db6e4dd096d012027be9dc0f8cd0634f74193df6370a9c150c0ca  mirrored.txt
